{
  "nodes": {
    "cpu-microcodes": {
      "flake": false,
      "locked": {
        "lastModified": 1735409317,
        "narHash": "sha256-08yRkyEKk94ax8KfqRFsffXH8J6DCOCE7vKLvHORWZM=",
        "owner": "platomav",
        "repo": "CPUMicrocodes",
        "rev": "ec5200961ecdf78cf00e55d73902683e835edefd",
        "type": "github"
      },
      "original": {
        "owner": "platomav",
        "repo": "CPUMicrocodes",
        "rev": "ec5200961ecdf78cf00e55d73902683e835edefd",
        "type": "github"
      }
    },
    "home-manager": {
      "inputs": {
        "nixpkgs": [
          "nixpkgs"
        ]
      },
      "locked": {
        "lastModified": 1748737919,
        "narHash": "sha256-5kvBbLYdp+n7Ftanjcs6Nv+UO6sBhelp6MIGJ9nWmjQ=",
        "owner": "nix-community",
        "repo": "home-manager",
        "rev": "5675a9686851d9626560052a032c4e14e533c1fa",
        "type": "github"
      },
      "original": {
        "owner": "nix-community",
        "repo": "home-manager",
        "type": "github"
      }
    },
    "home-manager_2": {
      "inputs": {
        "nixpkgs": [
          "zen-browser",
          "nixpkgs"
        ]
      },
      "locked": {
        "lastModified": 1743604125,
        "narHash": "sha256-ZD61DNbsBt1mQbinAaaEqKaJk2RFo9R/j+eYWeGMx7A=",
        "owner": "nix-community",
        "repo": "home-manager",
        "rev": "180fd43eea296e62ae68e079fcf56aba268b9a1a",
        "type": "github"
      },
      "original": {
        "owner": "nix-community",
        "repo": "home-manager",
        "type": "github"
      }
    },
    "nixpkgs": {
      "locked": {
        "lastModified": 1748693115,
        "narHash": "sha256-StSrWhklmDuXT93yc3GrTlb0cKSS0agTAxMGjLKAsY8=",
        "owner": "NixOS",
        "repo": "nixpkgs",
        "rev": "910796cabe436259a29a72e8d3f5e180fc6dfacc",
        "type": "github"
      },
      "original": {
        "owner": "NixOS",
        "ref": "nixos-unstable",
        "repo": "nixpkgs",
        "type": "github"
      }
    },
    "root": {
      "inputs": {
        "cpu-microcodes": "cpu-microcodes",
        "home-manager": "home-manager",
        "nixpkgs": "nixpkgs",
        "ucodenix": "ucodenix",
        "zen-browser": "zen-browser"
      }
    },
    "ucodenix": {
      "inputs": {
        "cpu-microcodes": [
          "cpu-microcodes"
        ]
      },
      "locked": {
        "lastModified": 1747656938,
        "narHash": "sha256-LE5jjWIN3xzL24ph8U2CwzTPrCxS+uGzXCpSh6b+UPk=",
        "owner": "e-tho",
        "repo": "ucodenix",
        "rev": "86d47e4b5790cc68b3af14ec9969ef8128524d43",
        "type": "github"
      },
      "original": {
        "owner": "e-tho",
        "repo": "ucodenix",
        "type": "github"
      }
    },
    "zen-browser": {
      "inputs": {
        "home-manager": "home-manager_2",
        "nixpkgs": [
          "nixpkgs"
        ]
      },
      "locked": {
        "lastModified": 1748749284,
        "narHash": "sha256-g5+9fY/6tDj7tUiRXuQJRPA/AB/aKguxN2B+nMGQh4A=",
        "owner": "0xc000022070",
        "repo": "zen-browser-flake",
        "rev": "ad1b6dcc9916993179a287fc06c3dc32c995a24f",
        "type": "github"
      },
      "original": {
        "owner": "0xc000022070",
        "repo": "zen-browser-flake",
        "type": "github"
      }
    }
  },
  "root": "root",
  "version": 7
}
