{
  "nodes": {
    "cpu-microcodes": {
      "flake": false,
      "locked": {
        "lastModified": 1735409317,
        "narHash": "sha256-08yRkyEKk94ax8KfqRFsffXH8J6DCOCE7vKLvHORWZM=",
        "owner": "platomav",
        "repo": "CPUMicrocodes",
        "rev": "ec5200961ecdf78cf00e55d73902683e835edefd",
        "type": "github"
      },
      "original": {
        "owner": "platomav",
        "repo": "CPUMicrocodes",
        "rev": "ec5200961ecdf78cf00e55d73902683e835edefd",
        "type": "github"
      }
    },
    "home-manager": {
      "inputs": {
        "nixpkgs": [
          "nixpkgs"
        ]
      },
      "locked": {
        "lastModified": 1745771770,
        "narHash": "sha256-kC1yYNAO69i0Q9nnQFTxu5kdwcoHRE7x4jtJyIB5QSg=",
        "owner": "nix-community",
        "repo": "home-manager",
        "rev": "0fbd8207e913b2d1660a7662f9ae80e5e639de65",
        "type": "github"
      },
      "original": {
        "owner": "nix-community",
        "repo": "home-manager",
        "type": "github"
      }
    },
    "home-manager_2": {
      "inputs": {
        "nixpkgs": [
          "zen-browser",
          "nixpkgs"
        ]
      },
      "locked": {
        "lastModified": 1743604125,
        "narHash": "sha256-ZD61DNbsBt1mQbinAaaEqKaJk2RFo9R/j+eYWeGMx7A=",
        "owner": "nix-community",
        "repo": "home-manager",
        "rev": "180fd43eea296e62ae68e079fcf56aba268b9a1a",
        "type": "github"
      },
      "original": {
        "owner": "nix-community",
        "repo": "home-manager",
        "type": "github"
      }
    },
    "nixpkgs": {
      "locked": {
        "lastModified": 1745526057,
        "narHash": "sha256-ITSpPDwvLBZBnPRS2bUcHY3gZSwis/uTe255QgMtTLA=",
        "owner": "NixOS",
        "repo": "nixpkgs",
        "rev": "f771eb401a46846c1aebd20552521b233dd7e18b",
        "type": "github"
      },
      "original": {
        "owner": "NixOS",
        "ref": "nixos-unstable",
        "repo": "nixpkgs",
        "type": "github"
      }
    },
    "root": {
      "inputs": {
        "cpu-microcodes": "cpu-microcodes",
        "home-manager": "home-manager",
        "nixpkgs": "nixpkgs",
        "ucodenix": "ucodenix",
        "zen-browser": "zen-browser"
      }
    },
    "ucodenix": {
      "inputs": {
        "cpu-microcodes": [
          "cpu-microcodes"
        ]
      },
      "locked": {
        "lastModified": 1744630518,
        "narHash": "sha256-xRbcLC6AVjB8etaw1T9MEywqjuRWeZZu5Ee8RU3q4R0=",
        "owner": "e-tho",
        "repo": "ucodenix",
        "rev": "b26e195f4272306f6bd30445bb73657449a1f574",
        "type": "github"
      },
      "original": {
        "owner": "e-tho",
        "repo": "ucodenix",
        "type": "github"
      }
    },
    "zen-browser": {
      "inputs": {
        "home-manager": "home-manager_2",
        "nixpkgs": [
          "nixpkgs"
        ]
      },
      "locked": {
        "lastModified": 1746119849,
        "narHash": "sha256-VI4o4r/7AEHs5XZaSgtB+N8cTEP6QyjJSliWmBVEZs4=",
        "owner": "0xc000022070",
        "repo": "zen-browser-flake",
        "rev": "50c62cca3cfbc5d9b7afa03c175d5745d1c586f1",
        "type": "github"
      },
      "original": {
        "owner": "0xc000022070",
        "repo": "zen-browser-flake",
        "type": "github"
      }
    }
  },
  "root": "root",
  "version": 7
}
